
Microsoft Visual Studio Solution File, Format Version 12.00
# Visual Studio 15
VisualStudioVersion = 15.0.27703.2026
MinimumVisualStudioVersion = 10.0.40219.1
Project("{FAE04EC0-301F-11D3-BF4B-00C04F79EFBC}") = "Blazor1", "Blazor1\Blazor1.csproj", "{E96AC6E5-F2E2-4ECC-B560-D8B16384B67F}"
EndProject
Global
	GlobalSection(SolutionConfigurationPlatforms) = preSolution
		Debug|Any CPU = Debug|Any CPU
		Release|Any CPU = Release|Any CPU
	EndGlobalSection
	GlobalSection(ProjectConfigurationPlatforms) = postSolution
		{E96AC6E5-F2E2-4ECC-B560-D8B16384B67F}.Debug|Any CPU.ActiveCfg = Debug|Any CPU
		{E96AC6E5-F2E2-4ECC-B560-D8B16384B67F}.Debug|Any CPU.Build.0 = Debug|Any CPU
		{E96AC6E5-F2E2-4ECC-B560-D8B16384B67F}.Release|Any CPU.ActiveCfg = Release|Any CPU
		{E96AC6E5-F2E2-4ECC-B560-D8B16384B67F}.Release|Any CPU.Build.0 = Release|Any CPU
	EndGlobalSection
	GlobalSection(SolutionProperties) = preSolution
		HideSolutionNode = FALSE
	EndGlobalSection
	GlobalSection(ExtensibilityGlobals) = postSolution
		SolutionGuid = {ABE9D0C4-5645-43DC-8535-988CAAE65CF5}
	EndGlobalSection
EndGlobal
